
Microsoft Visual Studio Solution File, Format Version 12.00
# Visual Studio Version 17
VisualStudioVersion = 17.14.36811.4 d17.14
MinimumVisualStudioVersion = 10.0.40219.1
Project("{FAE04EC0-301F-11D3-BF4B-00C04F79EFBC}") = "LifeSamadhan.API", "LifeSamadhan.API.csproj", "{E8096438-0B90-6F3C-63D4-4963C805450E}"
EndProject
Global
	GlobalSection(SolutionConfigurationPlatforms) = preSolution
		Debug|Any CPU = Debug|Any CPU
		Release|Any CPU = Release|Any CPU
	EndGlobalSection
	GlobalSection(ProjectConfigurationPlatforms) = postSolution
		{E8096438-0B90-6F3C-63D4-4963C805450E}.Debug|Any CPU.ActiveCfg = Debug|Any CPU
		{E8096438-0B90-6F3C-63D4-4963C805450E}.Debug|Any CPU.Build.0 = Debug|Any CPU
		{E8096438-0B90-6F3C-63D4-4963C805450E}.Release|Any CPU.ActiveCfg = Release|Any CPU
		{E8096438-0B90-6F3C-63D4-4963C805450E}.Release|Any CPU.Build.0 = Release|Any CPU
	EndGlobalSection
	GlobalSection(SolutionProperties) = preSolution
		HideSolutionNode = FALSE
	EndGlobalSection
	GlobalSection(ExtensibilityGlobals) = postSolution
		SolutionGuid = {F1833F58-C714-4100-9E92-86A780B524CE}
	EndGlobalSection
EndGlobal
